
Microsoft Visual Studio Solution File, Format Version 12.00
# Visual Studio 15
VisualStudioVersion = 15.0.27130.2010
MinimumVisualStudioVersion = 10.0.40219.1
Project("{8BC9CEB8-8B4A-11D0-8D11-00A0C91BC942}") = "ReplayChatRemove", "ReplayChatRemove.vcxproj", "{5880C062-2477-4C75-B7F4-DC69040610EE}"
EndProject
Global
	GlobalSection(SolutionConfigurationPlatforms) = preSolution
		Debug|x64 = Debug|x64
		Debug|x86 = Debug|x86
		DebugAD|x64 = DebugAD|x64
		DebugAD|x86 = DebugAD|x86
		DebugAS|x64 = DebugAS|x64
		DebugAS|x86 = DebugAS|x86
		DebugUD|x64 = DebugUD|x64
		DebugUD|x86 = DebugUD|x86
		DebugUS|x64 = DebugUS|x64
		DebugUS|x86 = DebugUS|x86
		Release|x64 = Release|x64
		Release|x86 = Release|x86
		ReleaseAD|x64 = ReleaseAD|x64
		ReleaseAD|x86 = ReleaseAD|x86
		ReleaseAS|x64 = ReleaseAS|x64
		ReleaseAS|x86 = ReleaseAS|x86
		ReleaseUD|x64 = ReleaseUD|x64
		ReleaseUD|x86 = ReleaseUD|x86
		ReleaseUS|x64 = ReleaseUS|x64
		ReleaseUS|x86 = ReleaseUS|x86
	EndGlobalSection
	GlobalSection(ProjectConfigurationPlatforms) = postSolution
		{5880C062-2477-4C75-B7F4-DC69040610EE}.Debug|x64.ActiveCfg = Debug|x64
		{5880C062-2477-4C75-B7F4-DC69040610EE}.Debug|x64.Build.0 = Debug|x64
		{5880C062-2477-4C75-B7F4-DC69040610EE}.Debug|x86.ActiveCfg = Debug|Win32
		{5880C062-2477-4C75-B7F4-DC69040610EE}.Debug|x86.Build.0 = Debug|Win32
		{5880C062-2477-4C75-B7F4-DC69040610EE}.DebugAD|x64.ActiveCfg = Debug|x64
		{5880C062-2477-4C75-B7F4-DC69040610EE}.DebugAD|x64.Build.0 = Debug|x64
		{5880C062-2477-4C75-B7F4-DC69040610EE}.DebugAD|x86.ActiveCfg = Debug|Win32
		{5880C062-2477-4C75-B7F4-DC69040610EE}.DebugAD|x86.Build.0 = Debug|Win32
		{5880C062-2477-4C75-B7F4-DC69040610EE}.DebugAS|x64.ActiveCfg = Debug|x64
		{5880C062-2477-4C75-B7F4-DC69040610EE}.DebugAS|x64.Build.0 = Debug|x64
		{5880C062-2477-4C75-B7F4-DC69040610EE}.DebugAS|x86.ActiveCfg = Debug|Win32
		{5880C062-2477-4C75-B7F4-DC69040610EE}.DebugAS|x86.Build.0 = Debug|Win32
		{5880C062-2477-4C75-B7F4-DC69040610EE}.DebugUD|x64.ActiveCfg = Debug|x64
		{5880C062-2477-4C75-B7F4-DC69040610EE}.DebugUD|x64.Build.0 = Debug|x64
		{5880C062-2477-4C75-B7F4-DC69040610EE}.DebugUD|x86.ActiveCfg = Debug|Win32
		{5880C062-2477-4C75-B7F4-DC69040610EE}.DebugUD|x86.Build.0 = Debug|Win32
		{5880C062-2477-4C75-B7F4-DC69040610EE}.DebugUS|x64.ActiveCfg = Debug|x64
		{5880C062-2477-4C75-B7F4-DC69040610EE}.DebugUS|x64.Build.0 = Debug|x64
		{5880C062-2477-4C75-B7F4-DC69040610EE}.DebugUS|x86.ActiveCfg = Debug|Win32
		{5880C062-2477-4C75-B7F4-DC69040610EE}.DebugUS|x86.Build.0 = Debug|Win32
		{5880C062-2477-4C75-B7F4-DC69040610EE}.Release|x64.ActiveCfg = Release|x64
		{5880C062-2477-4C75-B7F4-DC69040610EE}.Release|x64.Build.0 = Release|x64
		{5880C062-2477-4C75-B7F4-DC69040610EE}.Release|x86.ActiveCfg = Release|Win32
		{5880C062-2477-4C75-B7F4-DC69040610EE}.Release|x86.Build.0 = Release|Win32
		{5880C062-2477-4C75-B7F4-DC69040610EE}.ReleaseAD|x64.ActiveCfg = Release|x64
		{5880C062-2477-4C75-B7F4-DC69040610EE}.ReleaseAD|x64.Build.0 = Release|x64
		{5880C062-2477-4C75-B7F4-DC69040610EE}.ReleaseAD|x86.ActiveCfg = Release|Win32
		{5880C062-2477-4C75-B7F4-DC69040610EE}.ReleaseAD|x86.Build.0 = Release|Win32
		{5880C062-2477-4C75-B7F4-DC69040610EE}.ReleaseAS|x64.ActiveCfg = Release|x64
		{5880C062-2477-4C75-B7F4-DC69040610EE}.ReleaseAS|x64.Build.0 = Release|x64
		{5880C062-2477-4C75-B7F4-DC69040610EE}.ReleaseAS|x86.ActiveCfg = Release|Win32
		{5880C062-2477-4C75-B7F4-DC69040610EE}.ReleaseAS|x86.Build.0 = Release|Win32
		{5880C062-2477-4C75-B7F4-DC69040610EE}.ReleaseUD|x64.ActiveCfg = Release|x64
		{5880C062-2477-4C75-B7F4-DC69040610EE}.ReleaseUD|x64.Build.0 = Release|x64
		{5880C062-2477-4C75-B7F4-DC69040610EE}.ReleaseUD|x86.ActiveCfg = Release|Win32
		{5880C062-2477-4C75-B7F4-DC69040610EE}.ReleaseUD|x86.Build.0 = Release|Win32
		{5880C062-2477-4C75-B7F4-DC69040610EE}.ReleaseUS|x64.ActiveCfg = Release|x64
		{5880C062-2477-4C75-B7F4-DC69040610EE}.ReleaseUS|x64.Build.0 = Release|x64
		{5880C062-2477-4C75-B7F4-DC69040610EE}.ReleaseUS|x86.ActiveCfg = Release|Win32
		{5880C062-2477-4C75-B7F4-DC69040610EE}.ReleaseUS|x86.Build.0 = Release|Win32
	EndGlobalSection
	GlobalSection(SolutionProperties) = preSolution
		HideSolutionNode = FALSE
	EndGlobalSection
	GlobalSection(ExtensibilityGlobals) = postSolution
		SolutionGuid = {2B1F5024-0472-467A-B384-A0EBF03C70F9}
	EndGlobalSection
EndGlobal
